// !$*UTF8*$!
{
	archiveVersion = 1;
	classes = {
	};
	objectVersion = 46;
	objects = {

/* Begin PBXBuildFile section */
		148946551C3A15300064EC51 /* main.c in Sources */ = {isa = PBXBuildFile; fileRef = 148946541C3A15300064EC51 /* main.c */; };
		14AA74161DE3A20000BBA455 /* QImageUtils.cpp in Sources */ = {isa = PBXBuildFile; fileRef = 14AA74141DE3A20000BBA455 /* QImageUtils.cpp */; };
		14AA741A1DE61EF600BBA455 /* test1.bmp in Resources */ = {isa = PBXBuildFile; fileRef = 14AA74181DE61ED400BBA455 /* test1.bmp */; };
		14AA74221DE61F2100BBA455 /* QImageTests.mm in Sources */ = {isa = PBXBuildFile; fileRef = 14AA74211DE61F2100BBA455 /* QImageTests.mm */; };
		14AA74271DE61FDB00BBA455 /* test1.bmp in Resources */ = {isa = PBXBuildFile; fileRef = 14AA74181DE61ED400BBA455 /* test1.bmp */; };
		14AA74281DE6209D00BBA455 /* QImageUtils.cpp in Sources */ = {isa = PBXBuildFile; fileRef = 14AA74141DE3A20000BBA455 /* QImageUtils.cpp */; };
		14AA742A1DE624D400BBA455 /* testGray.bmp in Resources */ = {isa = PBXBuildFile; fileRef = 14AA74291DE624D400BBA455 /* testGray.bmp */; };
		14AA742B1DE624E200BBA455 /* testGray.bmp in Resources */ = {isa = PBXBuildFile; fileRef = 14AA74291DE624D400BBA455 /* testGray.bmp */; };
		14C220871DA1B4AA000E6C42 /* QImage.cpp in Sources */ = {isa = PBXBuildFile; fileRef = 14C220851DA1B4AA000E6C42 /* QImage.cpp */; };
		14C2208B1DA1B5B4000E6C42 /* QFrameCompare.cpp in Sources */ = {isa = PBXBuildFile; fileRef = 14C220891DA1B5B4000E6C42 /* QFrameCompare.cpp */; };
/* End PBXBuildFile section */

/* Begin PBXCopyFilesBuildPhase section */
		1489464F1C3A15300064EC51 /* CopyFiles */ = {
			isa = PBXCopyFilesBuildPhase;
			buildActionMask = 2147483647;
			dstPath = /usr/share/man/man1/;
			dstSubfolderSpec = 0;
			files = (
			);
			runOnlyForDeploymentPostprocessing = 1;
		};
/* End PBXCopyFilesBuildPhase section */

/* Begin PBXFileReference section */
		1486D84A1CACDE1E00715FC2 /* QCLUtils.c */ = {isa = PBXFileReference; fileEncoding = 4; lastKnownFileType = sourcecode.c.c; name = QCLUtils.c; path = ../QImage/QCLUtils.c; sourceTree = "<group>"; };
		1486D84B1CACDE1E00715FC2 /* QCLUtils.h */ = {isa = PBXFileReference; fileEncoding = 4; lastKnownFileType = sourcecode.c.h; name = QCLUtils.h; path = ../QImage/QCLUtils.h; sourceTree = "<group>"; };
		148946511C3A15300064EC51 /* QImageTest */ = {isa = PBXFileReference; explicitFileType = "compiled.mach-o.executable"; includeInIndex = 0; path = QImageTest; sourceTree = BUILT_PRODUCTS_DIR; };
		148946541C3A15300064EC51 /* main.c */ = {isa = PBXFileReference; lastKnownFileType = sourcecode.c.c; path = main.c; sourceTree = "<group>"; };
		14AA74141DE3A20000BBA455 /* QImageUtils.cpp */ = {isa = PBXFileReference; fileEncoding = 4; lastKnownFileType = sourcecode.cpp.cpp; name = QImageUtils.cpp; path = ../QImage/QImageUtils.cpp; sourceTree = "<group>"; };
		14AA74151DE3A20000BBA455 /* QImageUtils.hpp */ = {isa = PBXFileReference; fileEncoding = 4; lastKnownFileType = sourcecode.cpp.h; name = QImageUtils.hpp; path = ../QImage/QImageUtils.hpp; sourceTree = "<group>"; };
		14AA74181DE61ED400BBA455 /* test1.bmp */ = {isa = PBXFileReference; lastKnownFileType = image.bmp; name = test1.bmp; path = ../../data/test1.bmp; sourceTree = "<group>"; };
		14AA741F1DE61F2100BBA455 /* QImageTests.xctest */ = {isa = PBXFileReference; explicitFileType = wrapper.cfbundle; includeInIndex = 0; path = QImageTests.xctest; sourceTree = BUILT_PRODUCTS_DIR; };
		14AA74211DE61F2100BBA455 /* QImageTests.mm */ = {isa = PBXFileReference; lastKnownFileType = sourcecode.cpp.objcpp; path = QImageTests.mm; sourceTree = "<group>"; };
		14AA74231DE61F2100BBA455 /* Info.plist */ = {isa = PBXFileReference; lastKnownFileType = text.plist.xml; path = Info.plist; sourceTree = "<group>"; };
		14AA74291DE624D400BBA455 /* testGray.bmp */ = {isa = PBXFileReference; lastKnownFileType = image.bmp; name = testGray.bmp; path = ../../data/testGray.bmp; sourceTree = "<group>"; };
		14C220851DA1B4AA000E6C42 /* QImage.cpp */ = {isa = PBXFileReference; fileEncoding = 4; lastKnownFileType = sourcecode.cpp.cpp; name = QImage.cpp; path = ../QImage/QImage.cpp; sourceTree = "<group>"; };
		14C220861DA1B4AA000E6C42 /* QImage.hpp */ = {isa = PBXFileReference; fileEncoding = 4; lastKnownFileType = sourcecode.cpp.h; name = QImage.hpp; path = ../QImage/QImage.hpp; sourceTree = "<group>"; };
		14C220891DA1B5B4000E6C42 /* QFrameCompare.cpp */ = {isa = PBXFileReference; fileEncoding = 4; lastKnownFileType = sourcecode.cpp.cpp; name = QFrameCompare.cpp; path = ../QImage/QFrameCompare.cpp; sourceTree = "<group>"; };
		14C2208A1DA1B5B4000E6C42 /* QFrameCompare.hpp */ = {isa = PBXFileReference; fileEncoding = 4; lastKnownFileType = sourcecode.cpp.h; name = QFrameCompare.hpp; path = ../QImage/QFrameCompare.hpp; sourceTree = "<group>"; };
/* End PBXFileReference section */

/* Begin PBXFrameworksBuildPhase section */
		1489464E1C3A15300064EC51 /* Frameworks */ = {
			isa = PBXFrameworksBuildPhase;
			buildActionMask = 2147483647;
			files = (
			);
			runOnlyForDeploymentPostprocessing = 0;
		};
		14AA741C1DE61F2100BBA455 /* Frameworks */ = {
			isa = PBXFrameworksBuildPhase;
			buildActionMask = 2147483647;
			files = (
			);
			runOnlyForDeploymentPostprocessing = 0;
		};
/* End PBXFrameworksBuildPhase section */

/* Begin PBXGroup section */
		148946481C3A15300064EC51 = {
			isa = PBXGroup;
			children = (
				14C2208C1DA1B880000E6C42 /* OpenCL */,
				14C220881DA1B5A4000E6C42 /* QFrameCompare */,
				14C220841DA1B48E000E6C42 /* QImage */,
				148946531C3A15300064EC51 /* QImageTest */,
				14AA74201DE61F2100BBA455 /* QImageTests */,
				148946521C3A15300064EC51 /* Products */,
			);
			sourceTree = "<group>";
		};
		148946521C3A15300064EC51 /* Products */ = {
			isa = PBXGroup;
			children = (
				148946511C3A15300064EC51 /* QImageTest */,
				14AA741F1DE61F2100BBA455 /* QImageTests.xctest */,
			);
			name = Products;
			sourceTree = "<group>";
		};
		148946531C3A15300064EC51 /* QImageTest */ = {
			isa = PBXGroup;
			children = (
				14AA74171DE61EA000BBA455 /* resources */,
				148946541C3A15300064EC51 /* main.c */,
			);
			path = QImageTest;
			sourceTree = "<group>";
		};
		14AA74171DE61EA000BBA455 /* resources */ = {
			isa = PBXGroup;
			children = (
				14AA74291DE624D400BBA455 /* testGray.bmp */,
				14AA74181DE61ED400BBA455 /* test1.bmp */,
			);
			name = resources;
			sourceTree = "<group>";
		};
		14AA74201DE61F2100BBA455 /* QImageTests */ = {
			isa = PBXGroup;
			children = (
				14AA74211DE61F2100BBA455 /* QImageTests.mm */,
				14AA74231DE61F2100BBA455 /* Info.plist */,
			);
			path = QImageTests;
			sourceTree = "<group>";
		};
		14C220841DA1B48E000E6C42 /* QImage */ = {
			isa = PBXGroup;
			children = (
				14C220851DA1B4AA000E6C42 /* QImage.cpp */,
				14C220861DA1B4AA000E6C42 /* QImage.hpp */,
			);
			name = QImage;
			sourceTree = "<group>";
		};
		14C220881DA1B5A4000E6C42 /* QFrameCompare */ = {
			isa = PBXGroup;
			children = (
				14C220891DA1B5B4000E6C42 /* QFrameCompare.cpp */,
				14C2208A1DA1B5B4000E6C42 /* QFrameCompare.hpp */,
				14AA74141DE3A20000BBA455 /* QImageUtils.cpp */,
				14AA74151DE3A20000BBA455 /* QImageUtils.hpp */,
			);
			name = QFrameCompare;
			sourceTree = "<group>";
		};
		14C2208C1DA1B880000E6C42 /* OpenCL */ = {
			isa = PBXGroup;
			children = (
				1486D84A1CACDE1E00715FC2 /* QCLUtils.c */,
				1486D84B1CACDE1E00715FC2 /* QCLUtils.h */,
			);
			name = OpenCL;
			sourceTree = "<group>";
		};
/* End PBXGroup section */

/* Begin PBXNativeTarget section */
		148946501C3A15300064EC51 /* QImageTest */ = {
			isa = PBXNativeTarget;
			buildConfigurationList = 148946581C3A15300064EC51 /* Build configuration list for PBXNativeTarget "QImageTest" */;
			buildPhases = (
				1489464D1C3A15300064EC51 /* Sources */,
				1489464E1C3A15300064EC51 /* Frameworks */,
				1489464F1C3A15300064EC51 /* CopyFiles */,
				14AA74191DE61EEF00BBA455 /* Resources */,
			);
			buildRules = (
			);
			dependencies = (
			);
			name = QImageTest;
			productName = QImageTest;
			productReference = 148946511C3A15300064EC51 /* QImageTest */;
			productType = "com.apple.product-type.tool";
		};
		14AA741E1DE61F2100BBA455 /* QImageTests */ = {
			isa = PBXNativeTarget;
			buildConfigurationList = 14AA74241DE61F2100BBA455 /* Build configuration list for PBXNativeTarget "QImageTests" */;
			buildPhases = (
				14AA741B1DE61F2100BBA455 /* Sources */,
				14AA741C1DE61F2100BBA455 /* Frameworks */,
				14AA741D1DE61F2100BBA455 /* Resources */,
			);
			buildRules = (
			);
			dependencies = (
			);
			name = QImageTests;
			productName = QImageTests;
			productReference = 14AA741F1DE61F2100BBA455 /* QImageTests.xctest */;
			productType = "com.apple.product-type.bundle.unit-test";
		};
/* End PBXNativeTarget section */

/* Begin PBXProject section */
		148946491C3A15300064EC51 /* Project object */ = {
			isa = PBXProject;
			attributes = {
				LastUpgradeCheck = 0800;
				ORGANIZATIONNAME = "Quan Yuan";
				TargetAttributes = {
					148946501C3A15300064EC51 = {
						CreatedOnToolsVersion = 7.0;
					};
					14AA741E1DE61F2100BBA455 = {
						CreatedOnToolsVersion = 8.0;
						ProvisioningStyle = Automatic;
					};
				};
			};
			buildConfigurationList = 1489464C1C3A15300064EC51 /* Build configuration list for PBXProject "QImageTest" */;
			compatibilityVersion = "Xcode 3.2";
			developmentRegion = English;
			hasScannedForEncodings = 0;
			knownRegions = (
				en,
			);
			mainGroup = 148946481C3A15300064EC51;
			productRefGroup = 148946521C3A15300064EC51 /* Products */;
			projectDirPath = "";
			projectRoot = "";
			targets = (
				148946501C3A15300064EC51 /* QImageTest */,
				14AA741E1DE61F2100BBA455 /* QImageTests */,
			);
		};
/* End PBXProject section */

/* Begin PBXResourcesBuildPhase section */
		14AA74191DE61EEF00BBA455 /* Resources */ = {
			isa = PBXResourcesBuildPhase;
			buildActionMask = 2147483647;
			files = (
				14AA741A1DE61EF600BBA455 /* test1.bmp in Resources */,
				14AA742A1DE624D400BBA455 /* testGray.bmp in Resources */,
			);
			runOnlyForDeploymentPostprocessing = 0;
		};
		14AA741D1DE61F2100BBA455 /* Resources */ = {
			isa = PBXResourcesBuildPhase;
			buildActionMask = 2147483647;
			files = (
				14AA74271DE61FDB00BBA455 /* test1.bmp in Resources */,
				14AA742B1DE624E200BBA455 /* testGray.bmp in Resources */,
			);
			runOnlyForDeploymentPostprocessing = 0;
		};
/* End PBXResourcesBuildPhase section */

/* Begin PBXSourcesBuildPhase section */
		1489464D1C3A15300064EC51 /* Sources */ = {
			isa = PBXSourcesBuildPhase;
			buildActionMask = 2147483647;
			files = (
				148946551C3A15300064EC51 /* main.c in Sources */,
				14AA74161DE3A20000BBA455 /* QImageUtils.cpp in Sources */,
				14C2208B1DA1B5B4000E6C42 /* QFrameCompare.cpp in Sources */,
				14C220871DA1B4AA000E6C42 /* QImage.cpp in Sources */,
			);
			runOnlyForDeploymentPostprocessing = 0;
		};
		14AA741B1DE61F2100BBA455 /* Sources */ = {
			isa = PBXSourcesBuildPhase;
			buildActionMask = 2147483647;
			files = (
				14AA74221DE61F2100BBA455 /* QImageTests.mm in Sources */,
				14AA74281DE6209D00BBA455 /* QImageUtils.cpp in Sources */,
			);
			runOnlyForDeploymentPostprocessing = 0;
		};
/* End PBXSourcesBuildPhase section */

/* Begin XCBuildConfiguration section */
		148946561C3A15300064EC51 /* Debug */ = {
			isa = XCBuildConfiguration;
			buildSettings = {
				ALWAYS_SEARCH_USER_PATHS = NO;
				CLANG_CXX_LANGUAGE_STANDARD = "gnu++0x";
				CLANG_CXX_LIBRARY = "libc++";
				CLANG_ENABLE_MODULES = YES;
				CLANG_ENABLE_OBJC_ARC = YES;
				CLANG_WARN_BOOL_CONVERSION = YES;
				CLANG_WARN_CONSTANT_CONVERSION = YES;
				CLANG_WARN_DIRECT_OBJC_ISA_USAGE = YES_ERROR;
				CLANG_WARN_EMPTY_BODY = YES;
				CLANG_WARN_ENUM_CONVERSION = YES;
				CLANG_WARN_INFINITE_RECURSION = YES;
				CLANG_WARN_INT_CONVERSION = YES;
				CLANG_WARN_OBJC_ROOT_CLASS = YES_ERROR;
				CLANG_WARN_SUSPICIOUS_MOVE = YES;
				CLANG_WARN_UNREACHABLE_CODE = YES;
				CLANG_WARN__DUPLICATE_METHOD_MATCH = YES;
				COPY_PHASE_STRIP = NO;
				DEBUG_INFORMATION_FORMAT = dwarf;
				ENABLE_STRICT_OBJC_MSGSEND = YES;
				ENABLE_TESTABILITY = YES;
				GCC_C_LANGUAGE_STANDARD = gnu99;
				GCC_DYNAMIC_NO_PIC = NO;
				GCC_NO_COMMON_BLOCKS = YES;
				GCC_OPTIMIZATION_LEVEL = 0;
				GCC_PREPROCESSOR_DEFINITIONS = (
					"DEBUG=1",
					"$(inherited)",
				);
				GCC_WARN_64_TO_32_BIT_CONVERSION = YES;
				GCC_WARN_ABOUT_RETURN_TYPE = YES_ERROR;
				GCC_WARN_UNDECLARED_SELECTOR = YES;
				GCC_WARN_UNINITIALIZED_AUTOS = YES_AGGRESSIVE;
				GCC_WARN_UNUSED_FUNCTION = YES;
				GCC_WARN_UNUSED_VARIABLE = YES;
				MACOSX_DEPLOYMENT_TARGET = 10.11;
				MTL_ENABLE_DEBUG_INFO = YES;
				ONLY_ACTIVE_ARCH = YES;
				SDKROOT = macosx;
			};
			name = Debug;
		};
		148946571C3A15300064EC51 /* Release */ = {
			isa = XCBuildConfiguration;
			buildSettings = {
				ALWAYS_SEARCH_USER_PATHS = NO;
				CLANG_CXX_LANGUAGE_STANDARD = "gnu++0x";
				CLANG_CXX_LIBRARY = "libc++";
				CLANG_ENABLE_MODULES = YES;
				CLANG_ENABLE_OBJC_ARC = YES;
				CLANG_WARN_BOOL_CONVERSION = YES;
				CLANG_WARN_CONSTANT_CONVERSION = YES;
				CLANG_WARN_DIRECT_OBJC_ISA_USAGE = YES_ERROR;
				CLANG_WARN_EMPTY_BODY = YES;
				CLANG_WARN_ENUM_CONVERSION = YES;
				CLANG_WARN_INFINITE_RECURSION = YES;
				CLANG_WARN_INT_CONVERSION = YES;
				CLANG_WARN_OBJC_ROOT_CLASS = YES_ERROR;
				CLANG_WARN_SUSPICIOUS_MOVE = YES;
				CLANG_WARN_UNREACHABLE_CODE = YES;
				CLANG_WARN__DUPLICATE_METHOD_MATCH = YES;
				COPY_PHASE_STRIP = NO;
				DEBUG_INFORMATION_FORMAT = "dwarf-with-dsym";
				ENABLE_NS_ASSERTIONS = NO;
				ENABLE_STRICT_OBJC_MSGSEND = YES;
				GCC_C_LANGUAGE_STANDARD = gnu99;
				GCC_NO_COMMON_BLOCKS = YES;
				GCC_WARN_64_TO_32_BIT_CONVERSION = YES;
				GCC_WARN_ABOUT_RETURN_TYPE = YES_ERROR;
				GCC_WARN_UNDECLARED_SELECTOR = YES;
				GCC_WARN_UNINITIALIZED_AUTOS = YES_AGGRESSIVE;
				GCC_WARN_UNUSED_FUNCTION = YES;
				GCC_WARN_UNUSED_VARIABLE = YES;
				MACOSX_DEPLOYMENT_TARGET = 10.11;
				MTL_ENABLE_DEBUG_INFO = NO;
				SDKROOT = macosx;
			};
			name = Release;
		};
		148946591C3A15300064EC51 /* Debug */ = {
			isa = XCBuildConfiguration;
			buildSettings = {
				PRODUCT_NAME = "$(TARGET_NAME)";
			};
			name = Debug;
		};
		1489465A1C3A15300064EC51 /* Release */ = {
			isa = XCBuildConfiguration;
			buildSettings = {
				PRODUCT_NAME = "$(TARGET_NAME)";
			};
			name = Release;
		};
		14AA74251DE61F2100BBA455 /* Debug */ = {
			isa = XCBuildConfiguration;
			buildSettings = {
				CLANG_ANALYZER_NONNULL = YES;
				CLANG_WARN_DOCUMENTATION_COMMENTS = YES;
				CLANG_WARN_SUSPICIOUS_MOVES = YES;
				CODE_SIGN_IDENTITY = "-";
				COMBINE_HIDPI_IMAGES = YES;
				INFOPLIST_FILE = QImageTests/Info.plist;
				LD_RUNPATH_SEARCH_PATHS = "$(inherited) @executable_path/../Frameworks @loader_path/../Frameworks";
				MACOSX_DEPLOYMENT_TARGET = 10.12;
				PRODUCT_BUNDLE_IDENTIFIER = Q.QImageTests;
				PRODUCT_NAME = "$(TARGET_NAME)";
			};
			name = Debug;
		};
		14AA74261DE61F2100BBA455 /* Release */ = {
			isa = XCBuildConfiguration;
			buildSettings = {
				CLANG_ANALYZER_NONNULL = YES;
				CLANG_WARN_DOCUMENTATION_COMMENTS = YES;
				CLANG_WARN_SUSPICIOUS_MOVES = YES;
				CODE_SIGN_IDENTITY = "-";
				COMBINE_HIDPI_IMAGES = YES;
				INFOPLIST_FILE = QImageTests/Info.plist;
				LD_RUNPATH_SEARCH_PATHS = "$(inherited) @executable_path/../Frameworks @loader_path/../Frameworks";
				MACOSX_DEPLOYMENT_TARGET = 10.12;
				PRODUCT_BUNDLE_IDENTIFIER = Q.QImageTests;
				PRODUCT_NAME = "$(TARGET_NAME)";
			};
			name = Release;
		};
/* End XCBuildConfiguration section */

/* Begin XCConfigurationList section */
		1489464C1C3A15300064EC51 /* Build configuration list for PBXProject "QImageTest" */ = {
			isa = XCConfigurationList;
			buildConfigurations = (
				148946561C3A15300064EC51 /* Debug */,
				148946571C3A15300064EC51 /* Release */,
			);
			defaultConfigurationIsVisible = 0;
			defaultConfigurationName = Release;
		};
		148946581C3A15300064EC51 /* Build configuration list for PBXNativeTarget "QImageTest" */ = {
			isa = XCConfigurationList;
			buildConfigurations = (
				148946591C3A15300064EC51 /* Debug */,
				1489465A1C3A15300064EC51 /* Release */,
			);
			defaultConfigurationIsVisible = 0;
			defaultConfigurationName = Release;
		};
		14AA74241DE61F2100BBA455 /* Build configuration list for PBXNativeTarget "QImageTests" */ = {
			isa = XCConfigurationList;
			buildConfigurations = (
				14AA74251DE61F2100BBA455 /* Debug */,
				14AA74261DE61F2100BBA455 /* Release */,
			);
			defaultConfigurationIsVisible = 0;
		};
/* End XCConfigurationList section */
	};
	rootObject = 148946491C3A15300064EC51 /* Project object */;
}
