// !$*UTF8*$!
{
	archiveVersion = 1;
	classes = {
	};
	objectVersion = 46;
	objects = {

/* Begin PBXBuildFile section */
		1467F8011CF56A1C00AAD194 /* main.cpp in Sources */ = {isa = PBXBuildFile; fileRef = 1467F8001CF56A1C00AAD194 /* main.cpp */; };
		1467F8081CF7698700AAD194 /* youna.cpp in Sources */ = {isa = PBXBuildFile; fileRef = 1467F8071CF7698700AAD194 /* youna.cpp */; settings = {ASSET_TAGS = (); }; };
/* End PBXBuildFile section */

/* Begin PBXCopyFilesBuildPhase section */
		1467F7FB1CF56A1C00AAD194 /* CopyFiles */ = {
			isa = PBXCopyFilesBuildPhase;
			buildActionMask = 2147483647;
			dstPath = /usr/share/man/man1/;
			dstSubfolderSpec = 0;
			files = (
			);
			runOnlyForDeploymentPostprocessing = 1;
		};
/* End PBXCopyFilesBuildPhase section */

/* Begin PBXFileReference section */
		1467F7FD1CF56A1C00AAD194 /* slideConvert */ = {isa = PBXFileReference; explicitFileType = "compiled.mach-o.executable"; includeInIndex = 0; path = slideConvert; sourceTree = BUILT_PRODUCTS_DIR; };
		1467F8001CF56A1C00AAD194 /* main.cpp */ = {isa = PBXFileReference; lastKnownFileType = sourcecode.cpp.cpp; path = main.cpp; sourceTree = "<group>"; };
		1467F8071CF7698700AAD194 /* youna.cpp */ = {isa = PBXFileReference; fileEncoding = 4; lastKnownFileType = sourcecode.cpp.cpp; path = youna.cpp; sourceTree = "<group>"; };
/* End PBXFileReference section */

/* Begin PBXFrameworksBuildPhase section */
		1467F7FA1CF56A1C00AAD194 /* Frameworks */ = {
			isa = PBXFrameworksBuildPhase;
			buildActionMask = 2147483647;
			files = (
			);
			runOnlyForDeploymentPostprocessing = 0;
		};
/* End PBXFrameworksBuildPhase section */

/* Begin PBXGroup section */
		1467F7F41CF56A1C00AAD194 = {
			isa = PBXGroup;
			children = (
				1467F7FF1CF56A1C00AAD194 /* slideConvert */,
				1467F7FE1CF56A1C00AAD194 /* Products */,
			);
			sourceTree = "<group>";
		};
		1467F7FE1CF56A1C00AAD194 /* Products */ = {
			isa = PBXGroup;
			children = (
				1467F7FD1CF56A1C00AAD194 /* slideConvert */,
			);
			name = Products;
			sourceTree = "<group>";
		};
		1467F7FF1CF56A1C00AAD194 /* slideConvert */ = {
			isa = PBXGroup;
			children = (
				1467F8001CF56A1C00AAD194 /* main.cpp */,
				1467F8071CF7698700AAD194 /* youna.cpp */,
			);
			path = slideConvert;
			sourceTree = "<group>";
		};
/* End PBXGroup section */

/* Begin PBXNativeTarget section */
		1467F7FC1CF56A1C00AAD194 /* slideConvert */ = {
			isa = PBXNativeTarget;
			buildConfigurationList = 1467F8041CF56A1C00AAD194 /* Build configuration list for PBXNativeTarget "slideConvert" */;
			buildPhases = (
				1467F7F91CF56A1C00AAD194 /* Sources */,
				1467F7FA1CF56A1C00AAD194 /* Frameworks */,
				1467F7FB1CF56A1C00AAD194 /* CopyFiles */,
			);
			buildRules = (
			);
			dependencies = (
			);
			name = slideConvert;
			productName = slideConvert;
			productReference = 1467F7FD1CF56A1C00AAD194 /* slideConvert */;
			productType = "com.apple.product-type.tool";
		};
/* End PBXNativeTarget section */

/* Begin PBXProject section */
		1467F7F51CF56A1C00AAD194 /* Project object */ = {
			isa = PBXProject;
			attributes = {
				LastUpgradeCheck = 0700;
				ORGANIZATIONNAME = "Quan Yuan";
				TargetAttributes = {
					1467F7FC1CF56A1C00AAD194 = {
						CreatedOnToolsVersion = 7.0;
					};
				};
			};
			buildConfigurationList = 1467F7F81CF56A1C00AAD194 /* Build configuration list for PBXProject "slideConvert" */;
			compatibilityVersion = "Xcode 3.2";
			developmentRegion = English;
			hasScannedForEncodings = 0;
			knownRegions = (
				en,
			);
			mainGroup = 1467F7F41CF56A1C00AAD194;
			productRefGroup = 1467F7FE1CF56A1C00AAD194 /* Products */;
			projectDirPath = "";
			projectRoot = "";
			targets = (
				1467F7FC1CF56A1C00AAD194 /* slideConvert */,
			);
		};
/* End PBXProject section */

/* Begin PBXSourcesBuildPhase section */
		1467F7F91CF56A1C00AAD194 /* Sources */ = {
			isa = PBXSourcesBuildPhase;
			buildActionMask = 2147483647;
			files = (
				1467F8081CF7698700AAD194 /* youna.cpp in Sources */,
				1467F8011CF56A1C00AAD194 /* main.cpp in Sources */,
			);
			runOnlyForDeploymentPostprocessing = 0;
		};
/* End PBXSourcesBuildPhase section */

/* Begin XCBuildConfiguration section */
		1467F8021CF56A1C00AAD194 /* Debug */ = {
			isa = XCBuildConfiguration;
			buildSettings = {
				ALWAYS_SEARCH_USER_PATHS = NO;
				CLANG_CXX_LANGUAGE_STANDARD = "gnu++0x";
				CLANG_CXX_LIBRARY = "libc++";
				CLANG_ENABLE_MODULES = YES;
				CLANG_ENABLE_OBJC_ARC = YES;
				CLANG_WARN_BOOL_CONVERSION = YES;
				CLANG_WARN_CONSTANT_CONVERSION = YES;
				CLANG_WARN_DIRECT_OBJC_ISA_USAGE = YES_ERROR;
				CLANG_WARN_EMPTY_BODY = YES;
				CLANG_WARN_ENUM_CONVERSION = YES;
				CLANG_WARN_INT_CONVERSION = YES;
				CLANG_WARN_OBJC_ROOT_CLASS = YES_ERROR;
				CLANG_WARN_UNREACHABLE_CODE = YES;
				CLANG_WARN__DUPLICATE_METHOD_MATCH = YES;
				COPY_PHASE_STRIP = NO;
				DEBUG_INFORMATION_FORMAT = dwarf;
				ENABLE_STRICT_OBJC_MSGSEND = YES;
				ENABLE_TESTABILITY = YES;
				GCC_C_LANGUAGE_STANDARD = gnu99;
				GCC_DYNAMIC_NO_PIC = NO;
				GCC_NO_COMMON_BLOCKS = YES;
				GCC_OPTIMIZATION_LEVEL = 0;
				GCC_PREPROCESSOR_DEFINITIONS = (
					"DEBUG=1",
					"$(inherited)",
				);
				GCC_WARN_64_TO_32_BIT_CONVERSION = YES;
				GCC_WARN_ABOUT_RETURN_TYPE = YES_ERROR;
				GCC_WARN_UNDECLARED_SELECTOR = YES;
				GCC_WARN_UNINITIALIZED_AUTOS = YES_AGGRESSIVE;
				GCC_WARN_UNUSED_FUNCTION = YES;
				GCC_WARN_UNUSED_VARIABLE = YES;
				MACOSX_DEPLOYMENT_TARGET = 10.11;
				MTL_ENABLE_DEBUG_INFO = YES;
				ONLY_ACTIVE_ARCH = YES;
				SDKROOT = macosx;
			};
			name = Debug;
		};
		1467F8031CF56A1C00AAD194 /* Release */ = {
			isa = XCBuildConfiguration;
			buildSettings = {
				ALWAYS_SEARCH_USER_PATHS = NO;
				CLANG_CXX_LANGUAGE_STANDARD = "gnu++0x";
				CLANG_CXX_LIBRARY = "libc++";
				CLANG_ENABLE_MODULES = YES;
				CLANG_ENABLE_OBJC_ARC = YES;
				CLANG_WARN_BOOL_CONVERSION = YES;
				CLANG_WARN_CONSTANT_CONVERSION = YES;
				CLANG_WARN_DIRECT_OBJC_ISA_USAGE = YES_ERROR;
				CLANG_WARN_EMPTY_BODY = YES;
				CLANG_WARN_ENUM_CONVERSION = YES;
				CLANG_WARN_INT_CONVERSION = YES;
				CLANG_WARN_OBJC_ROOT_CLASS = YES_ERROR;
				CLANG_WARN_UNREACHABLE_CODE = YES;
				CLANG_WARN__DUPLICATE_METHOD_MATCH = YES;
				COPY_PHASE_STRIP = NO;
				DEBUG_INFORMATION_FORMAT = "dwarf-with-dsym";
				ENABLE_NS_ASSERTIONS = NO;
				ENABLE_STRICT_OBJC_MSGSEND = YES;
				GCC_C_LANGUAGE_STANDARD = gnu99;
				GCC_NO_COMMON_BLOCKS = YES;
				GCC_WARN_64_TO_32_BIT_CONVERSION = YES;
				GCC_WARN_ABOUT_RETURN_TYPE = YES_ERROR;
				GCC_WARN_UNDECLARED_SELECTOR = YES;
				GCC_WARN_UNINITIALIZED_AUTOS = YES_AGGRESSIVE;
				GCC_WARN_UNUSED_FUNCTION = YES;
				GCC_WARN_UNUSED_VARIABLE = YES;
				MACOSX_DEPLOYMENT_TARGET = 10.11;
				MTL_ENABLE_DEBUG_INFO = NO;
				SDKROOT = macosx;
			};
			name = Release;
		};
		1467F8051CF56A1C00AAD194 /* Debug */ = {
			isa = XCBuildConfiguration;
			buildSettings = {
				PRODUCT_NAME = "$(TARGET_NAME)";
			};
			name = Debug;
		};
		1467F8061CF56A1C00AAD194 /* Release */ = {
			isa = XCBuildConfiguration;
			buildSettings = {
				PRODUCT_NAME = "$(TARGET_NAME)";
			};
			name = Release;
		};
/* End XCBuildConfiguration section */

/* Begin XCConfigurationList section */
		1467F7F81CF56A1C00AAD194 /* Build configuration list for PBXProject "slideConvert" */ = {
			isa = XCConfigurationList;
			buildConfigurations = (
				1467F8021CF56A1C00AAD194 /* Debug */,
				1467F8031CF56A1C00AAD194 /* Release */,
			);
			defaultConfigurationIsVisible = 0;
			defaultConfigurationName = Release;
		};
		1467F8041CF56A1C00AAD194 /* Build configuration list for PBXNativeTarget "slideConvert" */ = {
			isa = XCConfigurationList;
			buildConfigurations = (
				1467F8051CF56A1C00AAD194 /* Debug */,
				1467F8061CF56A1C00AAD194 /* Release */,
			);
			defaultConfigurationIsVisible = 0;
		};
/* End XCConfigurationList section */
	};
	rootObject = 1467F7F51CF56A1C00AAD194 /* Project object */;
}
