// !$*UTF8*$!
{
	archiveVersion = 1;
	classes = {
	};
	objectVersion = 46;
	objects = {

/* Begin PBXBuildFile section */
		14D409611D44801700DCC4EF /* main.cpp in Sources */ = {isa = PBXBuildFile; fileRef = 14D409601D44801700DCC4EF /* main.cpp */; };
		14D409661D4480AD00DCC4EF /* OpenCL.framework in Frameworks */ = {isa = PBXBuildFile; fileRef = 14D409651D4480AD00DCC4EF /* OpenCL.framework */; };
		14D409681D4485B100DCC4EF /* QEdges.cl in Sources */ = {isa = PBXBuildFile; fileRef = 14D4093A1D447D6300DCC4EF /* QEdges.cl */; settings = {ASSET_TAGS = (); }; };
/* End PBXBuildFile section */

/* Begin PBXCopyFilesBuildPhase section */
		14D4095C1D44801700DCC4EF /* CopyFiles */ = {
			isa = PBXCopyFilesBuildPhase;
			buildActionMask = 2147483647;
			dstPath = /usr/share/man/man1/;
			dstSubfolderSpec = 0;
			files = (
			);
			runOnlyForDeploymentPostprocessing = 1;
		};
/* End PBXCopyFilesBuildPhase section */

/* Begin PBXFileReference section */
		14D4093A1D447D6300DCC4EF /* QEdges.cl */ = {isa = PBXFileReference; lastKnownFileType = sourcecode.opencl; name = QEdges.cl; path = /Users/Quan/Documents/code/git/Q/openclEdge/source/QEdges.cl; sourceTree = "<absolute>"; };
		14D4095E1D44801700DCC4EF /* openclExample */ = {isa = PBXFileReference; explicitFileType = "compiled.mach-o.executable"; includeInIndex = 0; path = openclExample; sourceTree = BUILT_PRODUCTS_DIR; };
		14D409601D44801700DCC4EF /* main.cpp */ = {isa = PBXFileReference; lastKnownFileType = sourcecode.cpp.cpp; path = main.cpp; sourceTree = "<group>"; };
		14D409651D4480AD00DCC4EF /* OpenCL.framework */ = {isa = PBXFileReference; lastKnownFileType = wrapper.framework; name = OpenCL.framework; path = Platforms/MacOSX.platform/Developer/SDKs/MacOSX10.11.sdk/System/Library/Frameworks/OpenCL.framework; sourceTree = DEVELOPER_DIR; };
		14D4096F1D506B7200DCC4EF /* cl_d3d10.h */ = {isa = PBXFileReference; fileEncoding = 4; lastKnownFileType = sourcecode.c.h; name = cl_d3d10.h; path = CL/cl_d3d10.h; sourceTree = "<group>"; };
		14D409701D506B7200DCC4EF /* cl_d3d11.h */ = {isa = PBXFileReference; fileEncoding = 4; lastKnownFileType = sourcecode.c.h; name = cl_d3d11.h; path = CL/cl_d3d11.h; sourceTree = "<group>"; };
		14D409711D506B7200DCC4EF /* cl_dx9_media_sharing.h */ = {isa = PBXFileReference; fileEncoding = 4; lastKnownFileType = sourcecode.c.h; name = cl_dx9_media_sharing.h; path = CL/cl_dx9_media_sharing.h; sourceTree = "<group>"; };
		14D409721D506B7200DCC4EF /* cl_egl.h */ = {isa = PBXFileReference; fileEncoding = 4; lastKnownFileType = sourcecode.c.h; name = cl_egl.h; path = CL/cl_egl.h; sourceTree = "<group>"; };
		14D409731D506B7200DCC4EF /* cl_ext.h */ = {isa = PBXFileReference; fileEncoding = 4; lastKnownFileType = sourcecode.c.h; name = cl_ext.h; path = CL/cl_ext.h; sourceTree = "<group>"; };
		14D409741D506B7200DCC4EF /* cl_gl_ext.h */ = {isa = PBXFileReference; fileEncoding = 4; lastKnownFileType = sourcecode.c.h; name = cl_gl_ext.h; path = CL/cl_gl_ext.h; sourceTree = "<group>"; };
		14D409751D506B7200DCC4EF /* cl_gl.h */ = {isa = PBXFileReference; fileEncoding = 4; lastKnownFileType = sourcecode.c.h; name = cl_gl.h; path = CL/cl_gl.h; sourceTree = "<group>"; };
		14D409761D506B7200DCC4EF /* cl_platform.h */ = {isa = PBXFileReference; fileEncoding = 4; lastKnownFileType = sourcecode.c.h; name = cl_platform.h; path = CL/cl_platform.h; sourceTree = "<group>"; };
		14D409771D506B7200DCC4EF /* cl.h */ = {isa = PBXFileReference; fileEncoding = 4; lastKnownFileType = sourcecode.c.h; name = cl.h; path = CL/cl.h; sourceTree = "<group>"; };
		14D409781D506B7200DCC4EF /* cl2.hpp */ = {isa = PBXFileReference; fileEncoding = 4; lastKnownFileType = sourcecode.cpp.h; name = cl2.hpp; path = CL/cl2.hpp; sourceTree = "<group>"; };
		14D409791D506B7200DCC4EF /* opencl.h */ = {isa = PBXFileReference; fileEncoding = 4; lastKnownFileType = sourcecode.c.h; name = opencl.h; path = CL/opencl.h; sourceTree = "<group>"; };
		14D4097A1D506BE000DCC4EF /* cl.hpp */ = {isa = PBXFileReference; fileEncoding = 4; lastKnownFileType = sourcecode.cpp.h; name = cl.hpp; path = CL/cl.hpp; sourceTree = "<group>"; };
/* End PBXFileReference section */

/* Begin PBXFrameworksBuildPhase section */
		14D4095B1D44801700DCC4EF /* Frameworks */ = {
			isa = PBXFrameworksBuildPhase;
			buildActionMask = 2147483647;
			files = (
				14D409661D4480AD00DCC4EF /* OpenCL.framework in Frameworks */,
			);
			runOnlyForDeploymentPostprocessing = 0;
		};
/* End PBXFrameworksBuildPhase section */

/* Begin PBXGroup section */
		14D409321D4475A200DCC4EF = {
			isa = PBXGroup;
			children = (
				14D4096E1D506B6300DCC4EF /* CL */,
				14D409651D4480AD00DCC4EF /* OpenCL.framework */,
				14D409391D4475FF00DCC4EF /* openclEdge */,
				14D4095E1D44801700DCC4EF /* openclExample */,
				14D4095F1D44801700DCC4EF /* openclExample */,
			);
			sourceTree = "<group>";
		};
		14D409391D4475FF00DCC4EF /* openclEdge */ = {
			isa = PBXGroup;
			children = (
				14D4093A1D447D6300DCC4EF /* QEdges.cl */,
			);
			name = openclEdge;
			sourceTree = "<group>";
		};
		14D4095F1D44801700DCC4EF /* openclExample */ = {
			isa = PBXGroup;
			children = (
				14D409601D44801700DCC4EF /* main.cpp */,
			);
			path = openclExample;
			sourceTree = "<group>";
		};
		14D4096E1D506B6300DCC4EF /* CL */ = {
			isa = PBXGroup;
			children = (
				14D4097A1D506BE000DCC4EF /* cl.hpp */,
				14D4096F1D506B7200DCC4EF /* cl_d3d10.h */,
				14D409701D506B7200DCC4EF /* cl_d3d11.h */,
				14D409711D506B7200DCC4EF /* cl_dx9_media_sharing.h */,
				14D409721D506B7200DCC4EF /* cl_egl.h */,
				14D409731D506B7200DCC4EF /* cl_ext.h */,
				14D409741D506B7200DCC4EF /* cl_gl_ext.h */,
				14D409751D506B7200DCC4EF /* cl_gl.h */,
				14D409761D506B7200DCC4EF /* cl_platform.h */,
				14D409771D506B7200DCC4EF /* cl.h */,
				14D409781D506B7200DCC4EF /* cl2.hpp */,
				14D409791D506B7200DCC4EF /* opencl.h */,
			);
			name = CL;
			sourceTree = "<group>";
		};
/* End PBXGroup section */

/* Begin PBXNativeTarget section */
		14D4095D1D44801700DCC4EF /* openclExample */ = {
			isa = PBXNativeTarget;
			buildConfigurationList = 14D409621D44801700DCC4EF /* Build configuration list for PBXNativeTarget "openclExample" */;
			buildPhases = (
				14D4095A1D44801700DCC4EF /* Sources */,
				14D4095B1D44801700DCC4EF /* Frameworks */,
				14D4095C1D44801700DCC4EF /* CopyFiles */,
			);
			buildRules = (
			);
			dependencies = (
			);
			name = openclExample;
			productName = openclExample;
			productReference = 14D4095E1D44801700DCC4EF /* openclExample */;
			productType = "com.apple.product-type.tool";
		};
/* End PBXNativeTarget section */

/* Begin PBXProject section */
		14D409331D4475A200DCC4EF /* Project object */ = {
			isa = PBXProject;
			attributes = {
				LastUpgradeCheck = 0700;
				TargetAttributes = {
					14D4095D1D44801700DCC4EF = {
						CreatedOnToolsVersion = 7.0;
					};
				};
			};
			buildConfigurationList = 14D409361D4475A200DCC4EF /* Build configuration list for PBXProject "openclEdge" */;
			compatibilityVersion = "Xcode 3.2";
			developmentRegion = English;
			hasScannedForEncodings = 0;
			knownRegions = (
				en,
			);
			mainGroup = 14D409321D4475A200DCC4EF;
			productRefGroup = 14D409321D4475A200DCC4EF;
			projectDirPath = "";
			projectRoot = "";
			targets = (
				14D4095D1D44801700DCC4EF /* openclExample */,
			);
		};
/* End PBXProject section */

/* Begin PBXSourcesBuildPhase section */
		14D4095A1D44801700DCC4EF /* Sources */ = {
			isa = PBXSourcesBuildPhase;
			buildActionMask = 2147483647;
			files = (
				14D409611D44801700DCC4EF /* main.cpp in Sources */,
				14D409681D4485B100DCC4EF /* QEdges.cl in Sources */,
			);
			runOnlyForDeploymentPostprocessing = 0;
		};
/* End PBXSourcesBuildPhase section */

/* Begin XCBuildConfiguration section */
		14D409371D4475A200DCC4EF /* Debug */ = {
			isa = XCBuildConfiguration;
			buildSettings = {
			};
			name = Debug;
		};
		14D409381D4475A200DCC4EF /* Release */ = {
			isa = XCBuildConfiguration;
			buildSettings = {
			};
			name = Release;
		};
		14D409631D44801700DCC4EF /* Debug */ = {
			isa = XCBuildConfiguration;
			buildSettings = {
				ALWAYS_SEARCH_USER_PATHS = NO;
				CLANG_CXX_LANGUAGE_STANDARD = "gnu++0x";
				CLANG_CXX_LIBRARY = "libc++";
				CLANG_ENABLE_MODULES = YES;
				CLANG_ENABLE_OBJC_ARC = YES;
				CLANG_WARN_BOOL_CONVERSION = YES;
				CLANG_WARN_CONSTANT_CONVERSION = YES;
				CLANG_WARN_DIRECT_OBJC_ISA_USAGE = YES_ERROR;
				CLANG_WARN_EMPTY_BODY = YES;
				CLANG_WARN_ENUM_CONVERSION = YES;
				CLANG_WARN_INT_CONVERSION = YES;
				CLANG_WARN_OBJC_ROOT_CLASS = YES_ERROR;
				CLANG_WARN_UNREACHABLE_CODE = YES;
				CLANG_WARN__DUPLICATE_METHOD_MATCH = YES;
				COPY_PHASE_STRIP = NO;
				DEBUG_INFORMATION_FORMAT = dwarf;
				ENABLE_STRICT_OBJC_MSGSEND = YES;
				ENABLE_TESTABILITY = YES;
				GCC_C_LANGUAGE_STANDARD = gnu99;
				GCC_DYNAMIC_NO_PIC = NO;
				GCC_NO_COMMON_BLOCKS = YES;
				GCC_OPTIMIZATION_LEVEL = 0;
				GCC_PREPROCESSOR_DEFINITIONS = (
					"DEBUG=1",
					"$(inherited)",
				);
				GCC_WARN_64_TO_32_BIT_CONVERSION = YES;
				GCC_WARN_ABOUT_RETURN_TYPE = YES_ERROR;
				GCC_WARN_UNDECLARED_SELECTOR = YES;
				GCC_WARN_UNINITIALIZED_AUTOS = YES_AGGRESSIVE;
				GCC_WARN_UNUSED_FUNCTION = YES;
				GCC_WARN_UNUSED_VARIABLE = YES;
				MACOSX_DEPLOYMENT_TARGET = 10.11;
				MTL_ENABLE_DEBUG_INFO = YES;
				New_Setting = "";
				ONLY_ACTIVE_ARCH = YES;
				PRODUCT_NAME = "$(TARGET_NAME)";
				SDKROOT = macosx;
			};
			name = Debug;
		};
		14D409641D44801700DCC4EF /* Release */ = {
			isa = XCBuildConfiguration;
			buildSettings = {
				ALWAYS_SEARCH_USER_PATHS = NO;
				CLANG_CXX_LANGUAGE_STANDARD = "gnu++0x";
				CLANG_CXX_LIBRARY = "libc++";
				CLANG_ENABLE_MODULES = YES;
				CLANG_ENABLE_OBJC_ARC = YES;
				CLANG_WARN_BOOL_CONVERSION = YES;
				CLANG_WARN_CONSTANT_CONVERSION = YES;
				CLANG_WARN_DIRECT_OBJC_ISA_USAGE = YES_ERROR;
				CLANG_WARN_EMPTY_BODY = YES;
				CLANG_WARN_ENUM_CONVERSION = YES;
				CLANG_WARN_INT_CONVERSION = YES;
				CLANG_WARN_OBJC_ROOT_CLASS = YES_ERROR;
				CLANG_WARN_UNREACHABLE_CODE = YES;
				CLANG_WARN__DUPLICATE_METHOD_MATCH = YES;
				COPY_PHASE_STRIP = NO;
				DEBUG_INFORMATION_FORMAT = "dwarf-with-dsym";
				ENABLE_NS_ASSERTIONS = NO;
				ENABLE_STRICT_OBJC_MSGSEND = YES;
				GCC_C_LANGUAGE_STANDARD = gnu99;
				GCC_NO_COMMON_BLOCKS = YES;
				GCC_WARN_64_TO_32_BIT_CONVERSION = YES;
				GCC_WARN_ABOUT_RETURN_TYPE = YES_ERROR;
				GCC_WARN_UNDECLARED_SELECTOR = YES;
				GCC_WARN_UNINITIALIZED_AUTOS = YES_AGGRESSIVE;
				GCC_WARN_UNUSED_FUNCTION = YES;
				GCC_WARN_UNUSED_VARIABLE = YES;
				MACOSX_DEPLOYMENT_TARGET = 10.11;
				MTL_ENABLE_DEBUG_INFO = NO;
				New_Setting = "";
				PRODUCT_NAME = "$(TARGET_NAME)";
				SDKROOT = macosx;
			};
			name = Release;
		};
/* End XCBuildConfiguration section */

/* Begin XCConfigurationList section */
		14D409361D4475A200DCC4EF /* Build configuration list for PBXProject "openclEdge" */ = {
			isa = XCConfigurationList;
			buildConfigurations = (
				14D409371D4475A200DCC4EF /* Debug */,
				14D409381D4475A200DCC4EF /* Release */,
			);
			defaultConfigurationIsVisible = 0;
			defaultConfigurationName = Release;
		};
		14D409621D44801700DCC4EF /* Build configuration list for PBXNativeTarget "openclExample" */ = {
			isa = XCConfigurationList;
			buildConfigurations = (
				14D409631D44801700DCC4EF /* Debug */,
				14D409641D44801700DCC4EF /* Release */,
			);
			defaultConfigurationIsVisible = 0;
			defaultConfigurationName = Release;
		};
/* End XCConfigurationList section */
	};
	rootObject = 14D409331D4475A200DCC4EF /* Project object */;
}
